
Microsoft Visual Studio Solution File, Format Version 12.00
# Visual Studio Version 16
VisualStudioVersion = 16.0.29806.167
MinimumVisualStudioVersion = 10.0.40219.1
Project("{2150E333-8FDC-42A3-9474-1A3956D46DE8}") = "WCF", "WCF", "{B961FE4E-04CE-40E9-812B-7D11D8C069D4}"
EndProject
Project("{FAE04EC0-301F-11D3-BF4B-00C04F79EFBC}") = "WCFCommon", "WCF\WCFCommon\WCFCommon.csproj", "{ED5E19C0-A282-4F8F-85EC-EA4CB73123B3}"
EndProject
Project("{FAE04EC0-301F-11D3-BF4B-00C04F79EFBC}") = "WcfServer", "WCF\WcfServer\WcfServer.csproj", "{73A0B20A-85B3-47E5-A308-55FA13A54C6F}"
EndProject
Project("{FAE04EC0-301F-11D3-BF4B-00C04F79EFBC}") = "WcfClient", "WCF\WcfClient\WcfClient.csproj", "{D4A9B6D0-44FB-47CD-A318-E6A45AB251CA}"
EndProject
Project("{2150E333-8FDC-42A3-9474-1A3956D46DE8}") = "Socket", "Socket", "{A5DB0EFB-F9F8-428D-B96C-A077B511A2B9}"
EndProject
Project("{FAE04EC0-301F-11D3-BF4B-00C04F79EFBC}") = "SocketCommon", "Socket\SocketCommon\SocketCommon.csproj", "{E83431B3-5D66-4B2D-9E7F-E62E69286C09}"
EndProject
Project("{FAE04EC0-301F-11D3-BF4B-00C04F79EFBC}") = "SocketUI", "Socket\SocketUI\SocketUI.csproj", "{38BDF698-65F3-4A83-BADE-8A70DF216683}"
EndProject
Project("{2150E333-8FDC-42A3-9474-1A3956D46DE8}") = "WebApi", "WebApi", "{D60B2A91-EC44-4E6B-A9EF-35415BFB0CDA}"
EndProject
Project("{FAE04EC0-301F-11D3-BF4B-00C04F79EFBC}") = "WepApiHostSelf", "WebApi\WepApiHostSelf\WepApiHostSelf.csproj", "{0C63975D-589B-4F9B-AC65-10CEE1ACA4C1}"
EndProject
Project("{FAE04EC0-301F-11D3-BF4B-00C04F79EFBC}") = "WebClient", "WebApi\WebClient\WebClient.csproj", "{00C5D3B1-87FE-4412-9892-6F7E8E04B0F6}"
EndProject
Project("{2150E333-8FDC-42A3-9474-1A3956D46DE8}") = "MQ", "MQ", "{906EC38E-7639-4CAF-865E-1EBD2EDF5CF6}"
EndProject
Project("{2150E333-8FDC-42A3-9474-1A3956D46DE8}") = "MSMQ", "MSMQ", "{CE0B789B-5B05-4983-8CEC-2067C55F99C0}"
EndProject
Project("{FAE04EC0-301F-11D3-BF4B-00C04F79EFBC}") = "Producer", "MQ\MSMQ\Producer\Producer.csproj", "{DE594C27-0898-402B-AD90-3B319A588894}"
EndProject
Project("{FAE04EC0-301F-11D3-BF4B-00C04F79EFBC}") = "MSMQCommon", "MQ\MSMQ\MSMQCommon\MSMQCommon.csproj", "{2248FF10-64F3-4CA7-A1AD-86F778F2ED29}"
EndProject
Project("{FAE04EC0-301F-11D3-BF4B-00C04F79EFBC}") = "Consumer", "MQ\MSMQ\Consumer\Consumer.csproj", "{8FE52809-D5B5-4CC8-8454-CF83659D73BA}"
EndProject
Global
	GlobalSection(SolutionConfigurationPlatforms) = preSolution
		Debug|Any CPU = Debug|Any CPU
		Release|Any CPU = Release|Any CPU
	EndGlobalSection
	GlobalSection(ProjectConfigurationPlatforms) = postSolution
		{ED5E19C0-A282-4F8F-85EC-EA4CB73123B3}.Debug|Any CPU.ActiveCfg = Debug|Any CPU
		{ED5E19C0-A282-4F8F-85EC-EA4CB73123B3}.Debug|Any CPU.Build.0 = Debug|Any CPU
		{ED5E19C0-A282-4F8F-85EC-EA4CB73123B3}.Release|Any CPU.ActiveCfg = Release|Any CPU
		{ED5E19C0-A282-4F8F-85EC-EA4CB73123B3}.Release|Any CPU.Build.0 = Release|Any CPU
		{73A0B20A-85B3-47E5-A308-55FA13A54C6F}.Debug|Any CPU.ActiveCfg = Debug|Any CPU
		{73A0B20A-85B3-47E5-A308-55FA13A54C6F}.Debug|Any CPU.Build.0 = Debug|Any CPU
		{73A0B20A-85B3-47E5-A308-55FA13A54C6F}.Release|Any CPU.ActiveCfg = Release|Any CPU
		{73A0B20A-85B3-47E5-A308-55FA13A54C6F}.Release|Any CPU.Build.0 = Release|Any CPU
		{D4A9B6D0-44FB-47CD-A318-E6A45AB251CA}.Debug|Any CPU.ActiveCfg = Debug|Any CPU
		{D4A9B6D0-44FB-47CD-A318-E6A45AB251CA}.Debug|Any CPU.Build.0 = Debug|Any CPU
		{D4A9B6D0-44FB-47CD-A318-E6A45AB251CA}.Release|Any CPU.ActiveCfg = Release|Any CPU
		{D4A9B6D0-44FB-47CD-A318-E6A45AB251CA}.Release|Any CPU.Build.0 = Release|Any CPU
		{E83431B3-5D66-4B2D-9E7F-E62E69286C09}.Debug|Any CPU.ActiveCfg = Debug|Any CPU
		{E83431B3-5D66-4B2D-9E7F-E62E69286C09}.Debug|Any CPU.Build.0 = Debug|Any CPU
		{E83431B3-5D66-4B2D-9E7F-E62E69286C09}.Release|Any CPU.ActiveCfg = Release|Any CPU
		{E83431B3-5D66-4B2D-9E7F-E62E69286C09}.Release|Any CPU.Build.0 = Release|Any CPU
		{38BDF698-65F3-4A83-BADE-8A70DF216683}.Debug|Any CPU.ActiveCfg = Debug|Any CPU
		{38BDF698-65F3-4A83-BADE-8A70DF216683}.Debug|Any CPU.Build.0 = Debug|Any CPU
		{38BDF698-65F3-4A83-BADE-8A70DF216683}.Release|Any CPU.ActiveCfg = Release|Any CPU
		{38BDF698-65F3-4A83-BADE-8A70DF216683}.Release|Any CPU.Build.0 = Release|Any CPU
		{0C63975D-589B-4F9B-AC65-10CEE1ACA4C1}.Debug|Any CPU.ActiveCfg = Debug|Any CPU
		{0C63975D-589B-4F9B-AC65-10CEE1ACA4C1}.Debug|Any CPU.Build.0 = Debug|Any CPU
		{0C63975D-589B-4F9B-AC65-10CEE1ACA4C1}.Release|Any CPU.ActiveCfg = Release|Any CPU
		{0C63975D-589B-4F9B-AC65-10CEE1ACA4C1}.Release|Any CPU.Build.0 = Release|Any CPU
		{00C5D3B1-87FE-4412-9892-6F7E8E04B0F6}.Debug|Any CPU.ActiveCfg = Debug|Any CPU
		{00C5D3B1-87FE-4412-9892-6F7E8E04B0F6}.Debug|Any CPU.Build.0 = Debug|Any CPU
		{00C5D3B1-87FE-4412-9892-6F7E8E04B0F6}.Release|Any CPU.ActiveCfg = Release|Any CPU
		{00C5D3B1-87FE-4412-9892-6F7E8E04B0F6}.Release|Any CPU.Build.0 = Release|Any CPU
		{DE594C27-0898-402B-AD90-3B319A588894}.Debug|Any CPU.ActiveCfg = Debug|Any CPU
		{DE594C27-0898-402B-AD90-3B319A588894}.Debug|Any CPU.Build.0 = Debug|Any CPU
		{DE594C27-0898-402B-AD90-3B319A588894}.Release|Any CPU.ActiveCfg = Release|Any CPU
		{DE594C27-0898-402B-AD90-3B319A588894}.Release|Any CPU.Build.0 = Release|Any CPU
		{2248FF10-64F3-4CA7-A1AD-86F778F2ED29}.Debug|Any CPU.ActiveCfg = Debug|Any CPU
		{2248FF10-64F3-4CA7-A1AD-86F778F2ED29}.Debug|Any CPU.Build.0 = Debug|Any CPU
		{2248FF10-64F3-4CA7-A1AD-86F778F2ED29}.Release|Any CPU.ActiveCfg = Release|Any CPU
		{2248FF10-64F3-4CA7-A1AD-86F778F2ED29}.Release|Any CPU.Build.0 = Release|Any CPU
		{8FE52809-D5B5-4CC8-8454-CF83659D73BA}.Debug|Any CPU.ActiveCfg = Debug|Any CPU
		{8FE52809-D5B5-4CC8-8454-CF83659D73BA}.Debug|Any CPU.Build.0 = Debug|Any CPU
		{8FE52809-D5B5-4CC8-8454-CF83659D73BA}.Release|Any CPU.ActiveCfg = Release|Any CPU
		{8FE52809-D5B5-4CC8-8454-CF83659D73BA}.Release|Any CPU.Build.0 = Release|Any CPU
	EndGlobalSection
	GlobalSection(SolutionProperties) = preSolution
		HideSolutionNode = FALSE
	EndGlobalSection
	GlobalSection(NestedProjects) = preSolution
		{ED5E19C0-A282-4F8F-85EC-EA4CB73123B3} = {B961FE4E-04CE-40E9-812B-7D11D8C069D4}
		{73A0B20A-85B3-47E5-A308-55FA13A54C6F} = {B961FE4E-04CE-40E9-812B-7D11D8C069D4}
		{D4A9B6D0-44FB-47CD-A318-E6A45AB251CA} = {B961FE4E-04CE-40E9-812B-7D11D8C069D4}
		{E83431B3-5D66-4B2D-9E7F-E62E69286C09} = {A5DB0EFB-F9F8-428D-B96C-A077B511A2B9}
		{38BDF698-65F3-4A83-BADE-8A70DF216683} = {A5DB0EFB-F9F8-428D-B96C-A077B511A2B9}
		{0C63975D-589B-4F9B-AC65-10CEE1ACA4C1} = {D60B2A91-EC44-4E6B-A9EF-35415BFB0CDA}
		{00C5D3B1-87FE-4412-9892-6F7E8E04B0F6} = {D60B2A91-EC44-4E6B-A9EF-35415BFB0CDA}
		{CE0B789B-5B05-4983-8CEC-2067C55F99C0} = {906EC38E-7639-4CAF-865E-1EBD2EDF5CF6}
		{DE594C27-0898-402B-AD90-3B319A588894} = {CE0B789B-5B05-4983-8CEC-2067C55F99C0}
		{2248FF10-64F3-4CA7-A1AD-86F778F2ED29} = {CE0B789B-5B05-4983-8CEC-2067C55F99C0}
		{8FE52809-D5B5-4CC8-8454-CF83659D73BA} = {CE0B789B-5B05-4983-8CEC-2067C55F99C0}
	EndGlobalSection
	GlobalSection(ExtensibilityGlobals) = postSolution
		SolutionGuid = {8C810374-29FC-4734-8C41-2B45F3B0695E}
	EndGlobalSection
EndGlobal
